// !$*UTF8*$!
{
	archiveVersion = 1;
	classes = {
	};
	objectVersion = 55;
	objects = {

/* Begin PBXBuildFile section */
		1F889BE427CFD06C0044D966 /* AppDelegate.swift in Sources */ = {isa = PBXBuildFile; fileRef = 1F889BE327CFD06C0044D966 /* AppDelegate.swift */; };
		1F889BE627CFD06C0044D966 /* SceneDelegate.swift in Sources */ = {isa = PBXBuildFile; fileRef = 1F889BE527CFD06C0044D966 /* SceneDelegate.swift */; };
		1F889BE827CFD06C0044D966 /* GalleryViewController.swift in Sources */ = {isa = PBXBuildFile; fileRef = 1F889BE727CFD06C0044D966 /* GalleryViewController.swift */; };
		1F889BEB27CFD06C0044D966 /* Main.storyboard in Resources */ = {isa = PBXBuildFile; fileRef = 1F889BE927CFD06C0044D966 /* Main.storyboard */; };
		1F889BEE27CFD06C0044D966 /* RentateamTestApp.xcdatamodeld in Sources */ = {isa = PBXBuildFile; fileRef = 1F889BEC27CFD06C0044D966 /* RentateamTestApp.xcdatamodeld */; };
		1F889BF027CFD06E0044D966 /* Assets.xcassets in Resources */ = {isa = PBXBuildFile; fileRef = 1F889BEF27CFD06E0044D966 /* Assets.xcassets */; };
		1F889BF327CFD06E0044D966 /* LaunchScreen.storyboard in Resources */ = {isa = PBXBuildFile; fileRef = 1F889BF127CFD06E0044D966 /* LaunchScreen.storyboard */; };
		1F889BFC27CFD6080044D966 /* GalleryViewModel.swift in Sources */ = {isa = PBXBuildFile; fileRef = 1F889BFB27CFD6080044D966 /* GalleryViewModel.swift */; };
		1F889BFE27CFD6180044D966 /* GalleryModel.swift in Sources */ = {isa = PBXBuildFile; fileRef = 1F889BFD27CFD6180044D966 /* GalleryModel.swift */; };
		1F889C0527CFD7CF0044D966 /* GalleryCell.swift in Sources */ = {isa = PBXBuildFile; fileRef = 1F889C0427CFD7CF0044D966 /* GalleryCell.swift */; };
		1F889C0B27CFE4FA0044D966 /* GalleryNetworkService.swift in Sources */ = {isa = PBXBuildFile; fileRef = 1F889C0A27CFE4FA0044D966 /* GalleryNetworkService.swift */; };
		1F889C0D27CFE5B10044D966 /* NetworkService.swift in Sources */ = {isa = PBXBuildFile; fileRef = 1F889C0C27CFE5B10044D966 /* NetworkService.swift */; };
		1F889C0F27CFE7090044D966 /* APIScheme.swift in Sources */ = {isa = PBXBuildFile; fileRef = 1F889C0E27CFE7090044D966 /* APIScheme.swift */; };
		1F889C1A27CFF6E60044D966 /* GalleryCellViewModel.swift in Sources */ = {isa = PBXBuildFile; fileRef = 1F889C1927CFF6E60044D966 /* GalleryCellViewModel.swift */; };
		1F889C1C27D1335C0044D966 /* WebImageView.swift in Sources */ = {isa = PBXBuildFile; fileRef = 1F889C1B27D1335C0044D966 /* WebImageView.swift */; };
		1F889C1E27D268A20044D966 /* CoreDataManager.swift in Sources */ = {isa = PBXBuildFile; fileRef = 1F889C1D27D268A10044D966 /* CoreDataManager.swift */; };
		1F889C2427D290FA0044D966 /* PhotoDetailViewController.swift in Sources */ = {isa = PBXBuildFile; fileRef = 1F889C2327D290FA0044D966 /* PhotoDetailViewController.swift */; };
		1F889C2627D292980044D966 /* PhotoDetailViewModel.swift in Sources */ = {isa = PBXBuildFile; fileRef = 1F889C2527D292980044D966 /* PhotoDetailViewModel.swift */; };
/* End PBXBuildFile section */

/* Begin PBXFileReference section */
		1F889BE027CFD06C0044D966 /* RentateamTestApp.app */ = {isa = PBXFileReference; explicitFileType = wrapper.application; includeInIndex = 0; path = RentateamTestApp.app; sourceTree = BUILT_PRODUCTS_DIR; };
		1F889BE327CFD06C0044D966 /* AppDelegate.swift */ = {isa = PBXFileReference; lastKnownFileType = sourcecode.swift; path = AppDelegate.swift; sourceTree = "<group>"; };
		1F889BE527CFD06C0044D966 /* SceneDelegate.swift */ = {isa = PBXFileReference; lastKnownFileType = sourcecode.swift; path = SceneDelegate.swift; sourceTree = "<group>"; };
		1F889BE727CFD06C0044D966 /* GalleryViewController.swift */ = {isa = PBXFileReference; lastKnownFileType = sourcecode.swift; path = GalleryViewController.swift; sourceTree = "<group>"; };
		1F889BEA27CFD06C0044D966 /* Base */ = {isa = PBXFileReference; lastKnownFileType = file.storyboard; name = Base; path = Base.lproj/Main.storyboard; sourceTree = "<group>"; };
		1F889BED27CFD06C0044D966 /* RentateamTestApp.xcdatamodel */ = {isa = PBXFileReference; lastKnownFileType = wrapper.xcdatamodel; path = RentateamTestApp.xcdatamodel; sourceTree = "<group>"; };
		1F889BEF27CFD06E0044D966 /* Assets.xcassets */ = {isa = PBXFileReference; lastKnownFileType = folder.assetcatalog; path = Assets.xcassets; sourceTree = "<group>"; };
		1F889BF227CFD06E0044D966 /* Base */ = {isa = PBXFileReference; lastKnownFileType = file.storyboard; name = Base; path = Base.lproj/LaunchScreen.storyboard; sourceTree = "<group>"; };
		1F889BF427CFD06E0044D966 /* Info.plist */ = {isa = PBXFileReference; lastKnownFileType = text.plist.xml; path = Info.plist; sourceTree = "<group>"; };
		1F889BFB27CFD6080044D966 /* GalleryViewModel.swift */ = {isa = PBXFileReference; lastKnownFileType = sourcecode.swift; path = GalleryViewModel.swift; sourceTree = "<group>"; };
		1F889BFD27CFD6180044D966 /* GalleryModel.swift */ = {isa = PBXFileReference; lastKnownFileType = sourcecode.swift; path = GalleryModel.swift; sourceTree = "<group>"; };
		1F889C0427CFD7CF0044D966 /* GalleryCell.swift */ = {isa = PBXFileReference; lastKnownFileType = sourcecode.swift; path = GalleryCell.swift; sourceTree = "<group>"; };
		1F889C0A27CFE4FA0044D966 /* GalleryNetworkService.swift */ = {isa = PBXFileReference; lastKnownFileType = sourcecode.swift; path = GalleryNetworkService.swift; sourceTree = "<group>"; };
		1F889C0C27CFE5B10044D966 /* NetworkService.swift */ = {isa = PBXFileReference; lastKnownFileType = sourcecode.swift; path = NetworkService.swift; sourceTree = "<group>"; };
		1F889C0E27CFE7090044D966 /* APIScheme.swift */ = {isa = PBXFileReference; lastKnownFileType = sourcecode.swift; path = APIScheme.swift; sourceTree = "<group>"; };
		1F889C1927CFF6E60044D966 /* GalleryCellViewModel.swift */ = {isa = PBXFileReference; lastKnownFileType = sourcecode.swift; path = GalleryCellViewModel.swift; sourceTree = "<group>"; };
		1F889C1B27D1335C0044D966 /* WebImageView.swift */ = {isa = PBXFileReference; lastKnownFileType = sourcecode.swift; path = WebImageView.swift; sourceTree = "<group>"; };
		1F889C1D27D268A10044D966 /* CoreDataManager.swift */ = {isa = PBXFileReference; lastKnownFileType = sourcecode.swift; path = CoreDataManager.swift; sourceTree = "<group>"; };
		1F889C2327D290FA0044D966 /* PhotoDetailViewController.swift */ = {isa = PBXFileReference; lastKnownFileType = sourcecode.swift; path = PhotoDetailViewController.swift; sourceTree = "<group>"; };
		1F889C2527D292980044D966 /* PhotoDetailViewModel.swift */ = {isa = PBXFileReference; lastKnownFileType = sourcecode.swift; path = PhotoDetailViewModel.swift; sourceTree = "<group>"; };
/* End PBXFileReference section */

/* Begin PBXFrameworksBuildPhase section */
		1F889BDD27CFD06C0044D966 /* Frameworks */ = {
			isa = PBXFrameworksBuildPhase;
			buildActionMask = 2147483647;
			files = (
			);
			runOnlyForDeploymentPostprocessing = 0;
		};
/* End PBXFrameworksBuildPhase section */

/* Begin PBXGroup section */
		1F889BD727CFD06C0044D966 = {
			isa = PBXGroup;
			children = (
				1F889BE227CFD06C0044D966 /* RentateamTestApp */,
				1F889BE127CFD06C0044D966 /* Products */,
			);
			sourceTree = "<group>";
		};
		1F889BE127CFD06C0044D966 /* Products */ = {
			isa = PBXGroup;
			children = (
				1F889BE027CFD06C0044D966 /* RentateamTestApp.app */,
			);
			name = Products;
			sourceTree = "<group>";
		};
		1F889BE227CFD06C0044D966 /* RentateamTestApp */ = {
			isa = PBXGroup;
			children = (
				1F889BE327CFD06C0044D966 /* AppDelegate.swift */,
				1F889BE527CFD06C0044D966 /* SceneDelegate.swift */,
				1F889C0227CFD7820044D966 /* Screens */,
				1F889C0127CFD6610044D966 /* Utilities */,
				1F889BE927CFD06C0044D966 /* Main.storyboard */,
				1F889BEF27CFD06E0044D966 /* Assets.xcassets */,
				1F889BF127CFD06E0044D966 /* LaunchScreen.storyboard */,
				1F889BF427CFD06E0044D966 /* Info.plist */,
				1F889BEC27CFD06C0044D966 /* RentateamTestApp.xcdatamodeld */,
			);
			path = RentateamTestApp;
			sourceTree = "<group>";
		};
		1F889BFA27CFD5EA0044D966 /* View */ = {
			isa = PBXGroup;
			children = (
				1F889BE727CFD06C0044D966 /* GalleryViewController.swift */,
				1F889C0427CFD7CF0044D966 /* GalleryCell.swift */,
			);
			path = View;
			sourceTree = "<group>";
		};
		1F889BFF27CFD6270044D966 /* Model */ = {
			isa = PBXGroup;
			children = (
				1F889BFD27CFD6180044D966 /* GalleryModel.swift */,
			);
			path = Model;
			sourceTree = "<group>";
		};
		1F889C0027CFD6380044D966 /* ViewModel */ = {
			isa = PBXGroup;
			children = (
				1F889BFB27CFD6080044D966 /* GalleryViewModel.swift */,
				1F889C1927CFF6E60044D966 /* GalleryCellViewModel.swift */,
			);
			path = ViewModel;
			sourceTree = "<group>";
		};
		1F889C0127CFD6610044D966 /* Utilities */ = {
			isa = PBXGroup;
			children = (
				1F889C0A27CFE4FA0044D966 /* GalleryNetworkService.swift */,
				1F889C0C27CFE5B10044D966 /* NetworkService.swift */,
				1F889C0E27CFE7090044D966 /* APIScheme.swift */,
				1F889C1B27D1335C0044D966 /* WebImageView.swift */,
				1F889C1D27D268A10044D966 /* CoreDataManager.swift */,
			);
			path = Utilities;
			sourceTree = "<group>";
		};
		1F889C0227CFD7820044D966 /* Screens */ = {
			isa = PBXGroup;
			children = (
				1F889C1F27D290CA0044D966 /* DetailPhoto */,
				1F889C0327CFD7880044D966 /* GalleryScreen */,
			);
			path = Screens;
			sourceTree = "<group>";
		};
		1F889C0327CFD7880044D966 /* GalleryScreen */ = {
			isa = PBXGroup;
			children = (
				1F889BFF27CFD6270044D966 /* Model */,
				1F889C0027CFD6380044D966 /* ViewModel */,
				1F889BFA27CFD5EA0044D966 /* View */,
			);
			path = GalleryScreen;
			sourceTree = "<group>";
		};
		1F889C1F27D290CA0044D966 /* DetailPhoto */ = {
			isa = PBXGroup;
			children = (
				1F889C2227D290E60044D966 /* View */,
				1F889C2127D290DD0044D966 /* ViewModel */,
				1F889C2027D290D50044D966 /* Model */,
			);
			path = DetailPhoto;
			sourceTree = "<group>";
		};
		1F889C2027D290D50044D966 /* Model */ = {
			isa = PBXGroup;
			children = (
			);
			path = Model;
			sourceTree = "<group>";
		};
		1F889C2127D290DD0044D966 /* ViewModel */ = {
			isa = PBXGroup;
			children = (
				1F889C2527D292980044D966 /* PhotoDetailViewModel.swift */,
			);
			path = ViewModel;
			sourceTree = "<group>";
		};
		1F889C2227D290E60044D966 /* View */ = {
			isa = PBXGroup;
			children = (
				1F889C2327D290FA0044D966 /* PhotoDetailViewController.swift */,
			);
			path = View;
			sourceTree = "<group>";
		};
/* End PBXGroup section */

/* Begin PBXNativeTarget section */
		1F889BDF27CFD06C0044D966 /* RentateamTestApp */ = {
			isa = PBXNativeTarget;
			buildConfigurationList = 1F889BF727CFD06E0044D966 /* Build configuration list for PBXNativeTarget "RentateamTestApp" */;
			buildPhases = (
				1F889BDC27CFD06C0044D966 /* Sources */,
				1F889BDD27CFD06C0044D966 /* Frameworks */,
				1F889BDE27CFD06C0044D966 /* Resources */,
			);
			buildRules = (
			);
			dependencies = (
			);
			name = RentateamTestApp;
			productName = RentateamTestApp;
			productReference = 1F889BE027CFD06C0044D966 /* RentateamTestApp.app */;
			productType = "com.apple.product-type.application";
		};
/* End PBXNativeTarget section */

/* Begin PBXProject section */
		1F889BD827CFD06C0044D966 /* Project object */ = {
			isa = PBXProject;
			attributes = {
				BuildIndependentTargetsInParallel = 1;
				LastSwiftUpdateCheck = 1320;
				LastUpgradeCheck = 1320;
				TargetAttributes = {
					1F889BDF27CFD06C0044D966 = {
						CreatedOnToolsVersion = 13.2.1;
					};
				};
			};
			buildConfigurationList = 1F889BDB27CFD06C0044D966 /* Build configuration list for PBXProject "RentateamTestApp" */;
			compatibilityVersion = "Xcode 13.0";
			developmentRegion = en;
			hasScannedForEncodings = 0;
			knownRegions = (
				en,
				Base,
			);
			mainGroup = 1F889BD727CFD06C0044D966;
			productRefGroup = 1F889BE127CFD06C0044D966 /* Products */;
			projectDirPath = "";
			projectRoot = "";
			targets = (
				1F889BDF27CFD06C0044D966 /* RentateamTestApp */,
			);
		};
/* End PBXProject section */

/* Begin PBXResourcesBuildPhase section */
		1F889BDE27CFD06C0044D966 /* Resources */ = {
			isa = PBXResourcesBuildPhase;
			buildActionMask = 2147483647;
			files = (
				1F889BF327CFD06E0044D966 /* LaunchScreen.storyboard in Resources */,
				1F889BF027CFD06E0044D966 /* Assets.xcassets in Resources */,
				1F889BEB27CFD06C0044D966 /* Main.storyboard in Resources */,
			);
			runOnlyForDeploymentPostprocessing = 0;
		};
/* End PBXResourcesBuildPhase section */

/* Begin PBXSourcesBuildPhase section */
		1F889BDC27CFD06C0044D966 /* Sources */ = {
			isa = PBXSourcesBuildPhase;
			buildActionMask = 2147483647;
			files = (
				1F889C0D27CFE5B10044D966 /* NetworkService.swift in Sources */,
				1F889C0F27CFE7090044D966 /* APIScheme.swift in Sources */,
				1F889C1C27D1335C0044D966 /* WebImageView.swift in Sources */,
				1F889BE827CFD06C0044D966 /* GalleryViewController.swift in Sources */,
				1F889C0527CFD7CF0044D966 /* GalleryCell.swift in Sources */,
				1F889BFC27CFD6080044D966 /* GalleryViewModel.swift in Sources */,
				1F889C0B27CFE4FA0044D966 /* GalleryNetworkService.swift in Sources */,
				1F889C1E27D268A20044D966 /* CoreDataManager.swift in Sources */,
				1F889BE427CFD06C0044D966 /* AppDelegate.swift in Sources */,
				1F889C2627D292980044D966 /* PhotoDetailViewModel.swift in Sources */,
				1F889C1A27CFF6E60044D966 /* GalleryCellViewModel.swift in Sources */,
				1F889C2427D290FA0044D966 /* PhotoDetailViewController.swift in Sources */,
				1F889BE627CFD06C0044D966 /* SceneDelegate.swift in Sources */,
				1F889BFE27CFD6180044D966 /* GalleryModel.swift in Sources */,
				1F889BEE27CFD06C0044D966 /* RentateamTestApp.xcdatamodeld in Sources */,
			);
			runOnlyForDeploymentPostprocessing = 0;
		};
/* End PBXSourcesBuildPhase section */

/* Begin PBXVariantGroup section */
		1F889BE927CFD06C0044D966 /* Main.storyboard */ = {
			isa = PBXVariantGroup;
			children = (
				1F889BEA27CFD06C0044D966 /* Base */,
			);
			name = Main.storyboard;
			sourceTree = "<group>";
		};
		1F889BF127CFD06E0044D966 /* LaunchScreen.storyboard */ = {
			isa = PBXVariantGroup;
			children = (
				1F889BF227CFD06E0044D966 /* Base */,
			);
			name = LaunchScreen.storyboard;
			sourceTree = "<group>";
		};
/* End PBXVariantGroup section */

/* Begin XCBuildConfiguration section */
		1F889BF527CFD06E0044D966 /* Debug */ = {
			isa = XCBuildConfiguration;
			buildSettings = {
				ALWAYS_SEARCH_USER_PATHS = NO;
				CLANG_ANALYZER_NONNULL = YES;
				CLANG_ANALYZER_NUMBER_OBJECT_CONVERSION = YES_AGGRESSIVE;
				CLANG_CXX_LANGUAGE_STANDARD = "gnu++17";
				CLANG_CXX_LIBRARY = "libc++";
				CLANG_ENABLE_MODULES = YES;
				CLANG_ENABLE_OBJC_ARC = YES;
				CLANG_ENABLE_OBJC_WEAK = YES;
				CLANG_WARN_BLOCK_CAPTURE_AUTORELEASING = YES;
				CLANG_WARN_BOOL_CONVERSION = YES;
				CLANG_WARN_COMMA = YES;
				CLANG_WARN_CONSTANT_CONVERSION = YES;
				CLANG_WARN_DEPRECATED_OBJC_IMPLEMENTATIONS = YES;
				CLANG_WARN_DIRECT_OBJC_ISA_USAGE = YES_ERROR;
				CLANG_WARN_DOCUMENTATION_COMMENTS = YES;
				CLANG_WARN_EMPTY_BODY = YES;
				CLANG_WARN_ENUM_CONVERSION = YES;
				CLANG_WARN_INFINITE_RECURSION = YES;
				CLANG_WARN_INT_CONVERSION = YES;
				CLANG_WARN_NON_LITERAL_NULL_CONVERSION = YES;
				CLANG_WARN_OBJC_IMPLICIT_RETAIN_SELF = YES;
				CLANG_WARN_OBJC_LITERAL_CONVERSION = YES;
				CLANG_WARN_OBJC_ROOT_CLASS = YES_ERROR;
				CLANG_WARN_QUOTED_INCLUDE_IN_FRAMEWORK_HEADER = YES;
				CLANG_WARN_RANGE_LOOP_ANALYSIS = YES;
				CLANG_WARN_STRICT_PROTOTYPES = YES;
				CLANG_WARN_SUSPICIOUS_MOVE = YES;
				CLANG_WARN_UNGUARDED_AVAILABILITY = YES_AGGRESSIVE;
				CLANG_WARN_UNREACHABLE_CODE = YES;
				CLANG_WARN__DUPLICATE_METHOD_MATCH = YES;
				COPY_PHASE_STRIP = NO;
				DEBUG_INFORMATION_FORMAT = dwarf;
				ENABLE_STRICT_OBJC_MSGSEND = YES;
				ENABLE_TESTABILITY = YES;
				GCC_C_LANGUAGE_STANDARD = gnu11;
				GCC_DYNAMIC_NO_PIC = NO;
				GCC_NO_COMMON_BLOCKS = YES;
				GCC_OPTIMIZATION_LEVEL = 0;
				GCC_PREPROCESSOR_DEFINITIONS = (
					"DEBUG=1",
					"$(inherited)",
				);
				GCC_WARN_64_TO_32_BIT_CONVERSION = YES;
				GCC_WARN_ABOUT_RETURN_TYPE = YES_ERROR;
				GCC_WARN_UNDECLARED_SELECTOR = YES;
				GCC_WARN_UNINITIALIZED_AUTOS = YES_AGGRESSIVE;
				GCC_WARN_UNUSED_FUNCTION = YES;
				GCC_WARN_UNUSED_VARIABLE = YES;
				IPHONEOS_DEPLOYMENT_TARGET = 15.2;
				MTL_ENABLE_DEBUG_INFO = INCLUDE_SOURCE;
				MTL_FAST_MATH = YES;
				ONLY_ACTIVE_ARCH = YES;
				SDKROOT = iphoneos;
				SWIFT_ACTIVE_COMPILATION_CONDITIONS = DEBUG;
				SWIFT_OPTIMIZATION_LEVEL = "-Onone";
			};
			name = Debug;
		};
		1F889BF627CFD06E0044D966 /* Release */ = {
			isa = XCBuildConfiguration;
			buildSettings = {
				ALWAYS_SEARCH_USER_PATHS = NO;
				CLANG_ANALYZER_NONNULL = YES;
				CLANG_ANALYZER_NUMBER_OBJECT_CONVERSION = YES_AGGRESSIVE;
				CLANG_CXX_LANGUAGE_STANDARD = "gnu++17";
				CLANG_CXX_LIBRARY = "libc++";
				CLANG_ENABLE_MODULES = YES;
				CLANG_ENABLE_OBJC_ARC = YES;
				CLANG_ENABLE_OBJC_WEAK = YES;
				CLANG_WARN_BLOCK_CAPTURE_AUTORELEASING = YES;
				CLANG_WARN_BOOL_CONVERSION = YES;
				CLANG_WARN_COMMA = YES;
				CLANG_WARN_CONSTANT_CONVERSION = YES;
				CLANG_WARN_DEPRECATED_OBJC_IMPLEMENTATIONS = YES;
				CLANG_WARN_DIRECT_OBJC_ISA_USAGE = YES_ERROR;
				CLANG_WARN_DOCUMENTATION_COMMENTS = YES;
				CLANG_WARN_EMPTY_BODY = YES;
				CLANG_WARN_ENUM_CONVERSION = YES;
				CLANG_WARN_INFINITE_RECURSION = YES;
				CLANG_WARN_INT_CONVERSION = YES;
				CLANG_WARN_NON_LITERAL_NULL_CONVERSION = YES;
				CLANG_WARN_OBJC_IMPLICIT_RETAIN_SELF = YES;
				CLANG_WARN_OBJC_LITERAL_CONVERSION = YES;
				CLANG_WARN_OBJC_ROOT_CLASS = YES_ERROR;
				CLANG_WARN_QUOTED_INCLUDE_IN_FRAMEWORK_HEADER = YES;
				CLANG_WARN_RANGE_LOOP_ANALYSIS = YES;
				CLANG_WARN_STRICT_PROTOTYPES = YES;
				CLANG_WARN_SUSPICIOUS_MOVE = YES;
				CLANG_WARN_UNGUARDED_AVAILABILITY = YES_AGGRESSIVE;
				CLANG_WARN_UNREACHABLE_CODE = YES;
				CLANG_WARN__DUPLICATE_METHOD_MATCH = YES;
				COPY_PHASE_STRIP = NO;
				DEBUG_INFORMATION_FORMAT = "dwarf-with-dsym";
				ENABLE_NS_ASSERTIONS = NO;
				ENABLE_STRICT_OBJC_MSGSEND = YES;
				GCC_C_LANGUAGE_STANDARD = gnu11;
				GCC_NO_COMMON_BLOCKS = YES;
				GCC_WARN_64_TO_32_BIT_CONVERSION = YES;
				GCC_WARN_ABOUT_RETURN_TYPE = YES_ERROR;
				GCC_WARN_UNDECLARED_SELECTOR = YES;
				GCC_WARN_UNINITIALIZED_AUTOS = YES_AGGRESSIVE;
				GCC_WARN_UNUSED_FUNCTION = YES;
				GCC_WARN_UNUSED_VARIABLE = YES;
				IPHONEOS_DEPLOYMENT_TARGET = 15.2;
				MTL_ENABLE_DEBUG_INFO = NO;
				MTL_FAST_MATH = YES;
				SDKROOT = iphoneos;
				SWIFT_COMPILATION_MODE = wholemodule;
				SWIFT_OPTIMIZATION_LEVEL = "-O";
				VALIDATE_PRODUCT = YES;
			};
			name = Release;
		};
		1F889BF827CFD06E0044D966 /* Debug */ = {
			isa = XCBuildConfiguration;
			buildSettings = {
				ASSETCATALOG_COMPILER_APPICON_NAME = AppIcon;
				ASSETCATALOG_COMPILER_GLOBAL_ACCENT_COLOR_NAME = AccentColor;
				CODE_SIGN_STYLE = Automatic;
				CURRENT_PROJECT_VERSION = 1;
				DEVELOPMENT_TEAM = 4QGJXZJYCH;
				GENERATE_INFOPLIST_FILE = YES;
				INFOPLIST_FILE = RentateamTestApp/Info.plist;
				INFOPLIST_KEY_UIApplicationSupportsIndirectInputEvents = YES;
				INFOPLIST_KEY_UILaunchStoryboardName = LaunchScreen;
				INFOPLIST_KEY_UIMainStoryboardFile = Main;
				INFOPLIST_KEY_UISupportedInterfaceOrientations = UIInterfaceOrientationPortrait;
				INFOPLIST_KEY_UISupportedInterfaceOrientations_iPad = "UIInterfaceOrientationPortrait UIInterfaceOrientationPortraitUpsideDown UIInterfaceOrientationLandscapeLeft UIInterfaceOrientationLandscapeRight";
				INFOPLIST_KEY_UISupportedInterfaceOrientations_iPhone = "UIInterfaceOrientationPortrait UIInterfaceOrientationLandscapeLeft UIInterfaceOrientationLandscapeRight";
				IPHONEOS_DEPLOYMENT_TARGET = 11.0;
				LD_RUNPATH_SEARCH_PATHS = (
					"$(inherited)",
					"@executable_path/Frameworks",
				);
				MARKETING_VERSION = 1.0;
				PRODUCT_BUNDLE_IDENTIFIER = OS.RentateamTestApp;
				PRODUCT_NAME = "$(TARGET_NAME)";
				SWIFT_EMIT_LOC_STRINGS = YES;
				SWIFT_VERSION = 5.0;
				TARGETED_DEVICE_FAMILY = 1;
			};
			name = Debug;
		};
		1F889BF927CFD06E0044D966 /* Release */ = {
			isa = XCBuildConfiguration;
			buildSettings = {
				ASSETCATALOG_COMPILER_APPICON_NAME = AppIcon;
				ASSETCATALOG_COMPILER_GLOBAL_ACCENT_COLOR_NAME = AccentColor;
				CODE_SIGN_STYLE = Automatic;
				CURRENT_PROJECT_VERSION = 1;
				DEVELOPMENT_TEAM = 4QGJXZJYCH;
				GENERATE_INFOPLIST_FILE = YES;
				INFOPLIST_FILE = RentateamTestApp/Info.plist;
				INFOPLIST_KEY_UIApplicationSupportsIndirectInputEvents = YES;
				INFOPLIST_KEY_UILaunchStoryboardName = LaunchScreen;
				INFOPLIST_KEY_UIMainStoryboardFile = Main;
				INFOPLIST_KEY_UISupportedInterfaceOrientations = UIInterfaceOrientationPortrait;
				INFOPLIST_KEY_UISupportedInterfaceOrientations_iPad = "UIInterfaceOrientationPortrait UIInterfaceOrientationPortraitUpsideDown UIInterfaceOrientationLandscapeLeft UIInterfaceOrientationLandscapeRight";
				INFOPLIST_KEY_UISupportedInterfaceOrientations_iPhone = "UIInterfaceOrientationPortrait UIInterfaceOrientationLandscapeLeft UIInterfaceOrientationLandscapeRight";
				IPHONEOS_DEPLOYMENT_TARGET = 11.0;
				LD_RUNPATH_SEARCH_PATHS = (
					"$(inherited)",
					"@executable_path/Frameworks",
				);
				MARKETING_VERSION = 1.0;
				PRODUCT_BUNDLE_IDENTIFIER = OS.RentateamTestApp;
				PRODUCT_NAME = "$(TARGET_NAME)";
				SWIFT_EMIT_LOC_STRINGS = YES;
				SWIFT_VERSION = 5.0;
				TARGETED_DEVICE_FAMILY = 1;
			};
			name = Release;
		};
/* End XCBuildConfiguration section */

/* Begin XCConfigurationList section */
		1F889BDB27CFD06C0044D966 /* Build configuration list for PBXProject "RentateamTestApp" */ = {
			isa = XCConfigurationList;
			buildConfigurations = (
				1F889BF527CFD06E0044D966 /* Debug */,
				1F889BF627CFD06E0044D966 /* Release */,
			);
			defaultConfigurationIsVisible = 0;
			defaultConfigurationName = Release;
		};
		1F889BF727CFD06E0044D966 /* Build configuration list for PBXNativeTarget "RentateamTestApp" */ = {
			isa = XCConfigurationList;
			buildConfigurations = (
				1F889BF827CFD06E0044D966 /* Debug */,
				1F889BF927CFD06E0044D966 /* Release */,
			);
			defaultConfigurationIsVisible = 0;
			defaultConfigurationName = Release;
		};
/* End XCConfigurationList section */

/* Begin XCVersionGroup section */
		1F889BEC27CFD06C0044D966 /* RentateamTestApp.xcdatamodeld */ = {
			isa = XCVersionGroup;
			children = (
				1F889BED27CFD06C0044D966 /* RentateamTestApp.xcdatamodel */,
			);
			currentVersion = 1F889BED27CFD06C0044D966 /* RentateamTestApp.xcdatamodel */;
			path = RentateamTestApp.xcdatamodeld;
			sourceTree = "<group>";
			versionGroupType = wrapper.xcdatamodel;
		};
/* End XCVersionGroup section */
	};
	rootObject = 1F889BD827CFD06C0044D966 /* Project object */;
}
